
Microsoft Visual Studio Solution File, Format Version 12.00
# Visual Studio Version 17
VisualStudioVersion = 17.5.33516.290
MinimumVisualStudioVersion = 10.0.40219.1
Project("{FAE04EC0-301F-11D3-BF4B-00C04F79EFBC}") = "CalcMedia", "CalcMedia\CalcMedia.csproj", "{35763377-B217-49B9-9367-70F0E3CE4848}"
EndProject
Global
	GlobalSection(SolutionConfigurationPlatforms) = preSolution
		Debug|Any CPU = Debug|Any CPU
		Release|Any CPU = Release|Any CPU
	EndGlobalSection
	GlobalSection(ProjectConfigurationPlatforms) = postSolution
		{35763377-B217-49B9-9367-70F0E3CE4848}.Debug|Any CPU.ActiveCfg = Debug|Any CPU
		{35763377-B217-49B9-9367-70F0E3CE4848}.Debug|Any CPU.Build.0 = Debug|Any CPU
		{35763377-B217-49B9-9367-70F0E3CE4848}.Release|Any CPU.ActiveCfg = Release|Any CPU
		{35763377-B217-49B9-9367-70F0E3CE4848}.Release|Any CPU.Build.0 = Release|Any CPU
	EndGlobalSection
	GlobalSection(SolutionProperties) = preSolution
		HideSolutionNode = FALSE
	EndGlobalSection
	GlobalSection(ExtensibilityGlobals) = postSolution
		SolutionGuid = {92DD0BC0-8282-4193-86CB-AC52D34376F9}
	EndGlobalSection
EndGlobal
